
Microsoft Visual Studio Solution File, Format Version 12.00
# Visual Studio Version 17
VisualStudioVersion = 17.10.35004.147
MinimumVisualStudioVersion = 10.0.40219.1
Project("{FAE04EC0-301F-11D3-BF4B-00C04F79EFBC}") = "MatchesRiddleSolver", "MatchesRiddleSolver.csproj", "{9677E99E-1C44-468E-88F6-C91523951181}"
EndProject
Global
	GlobalSection(SolutionConfigurationPlatforms) = preSolution
		Debug|Any CPU = Debug|Any CPU
		Release|Any CPU = Release|Any CPU
	EndGlobalSection
	GlobalSection(ProjectConfigurationPlatforms) = postSolution
		{9677E99E-1C44-468E-88F6-C91523951181}.Debug|Any CPU.ActiveCfg = Debug|Any CPU
		{9677E99E-1C44-468E-88F6-C91523951181}.Debug|Any CPU.Build.0 = Debug|Any CPU
		{9677E99E-1C44-468E-88F6-C91523951181}.Release|Any CPU.ActiveCfg = Release|Any CPU
		{9677E99E-1C44-468E-88F6-C91523951181}.Release|Any CPU.Build.0 = Release|Any CPU
	EndGlobalSection
	GlobalSection(SolutionProperties) = preSolution
		HideSolutionNode = FALSE
	EndGlobalSection
	GlobalSection(ExtensibilityGlobals) = postSolution
		SolutionGuid = {7E62AC1E-DA58-4E86-A7E8-03332E1290C1}
	EndGlobalSection
EndGlobal
